// !$*UTF8*$!
{
	archiveVersion = 1;
	classes = {
	};
	objectVersion = 56;
	objects = {

/* Begin PBXBuildFile section */
		C27A578C2B9C542100CF956A /* BookCollectionViewCell.swift in Sources */ = {isa = PBXBuildFile; fileRef = C27A578B2B9C542100CF956A /* BookCollectionViewCell.swift */; };
		C27A578E2B9C542A00CF956A /* BaseCollectionViewCell.swift in Sources */ = {isa = PBXBuildFile; fileRef = C27A578D2B9C542A00CF956A /* BaseCollectionViewCell.swift */; };
		C27A57902B9C557700CF956A /* Protocol.swift in Sources */ = {isa = PBXBuildFile; fileRef = C27A578F2B9C557700CF956A /* Protocol.swift */; };
		C27A57932B9C73DC00CF956A /* APIManager.swift in Sources */ = {isa = PBXBuildFile; fileRef = C27A57922B9C73DC00CF956A /* APIManager.swift */; };
		C27E063B2B9C75FD003EC2D5 /* APIKey.swift in Sources */ = {isa = PBXBuildFile; fileRef = C27E063A2B9C75FD003EC2D5 /* APIKey.swift */; };
		C27E063D2B9C81D1003EC2D5 /* CalendarViewModel.swift in Sources */ = {isa = PBXBuildFile; fileRef = C27E063C2B9C81D1003EC2D5 /* CalendarViewModel.swift */; };
		C27E06402B9C8223003EC2D5 /* Observable.swift in Sources */ = {isa = PBXBuildFile; fileRef = C27E063F2B9C8223003EC2D5 /* Observable.swift */; };
		C27E06432B9C861A003EC2D5 /* Book.swift in Sources */ = {isa = PBXBuildFile; fileRef = C27E06422B9C861A003EC2D5 /* Book.swift */; };
		C27E06462B9C8BBD003EC2D5 /* Alamofire in Frameworks */ = {isa = PBXBuildFile; productRef = C27E06452B9C8BBD003EC2D5 /* Alamofire */; };
		C27E06482B9C8BBD003EC2D5 /* AlamofireDynamic in Frameworks */ = {isa = PBXBuildFile; productRef = C27E06472B9C8BBD003EC2D5 /* AlamofireDynamic */; };
		C27E064B2B9D55C3003EC2D5 /* Kingfisher in Frameworks */ = {isa = PBXBuildFile; productRef = C27E064A2B9D55C3003EC2D5 /* Kingfisher */; };
		C27E06512B9D8273003EC2D5 /* BaseTableViewCell.swift in Sources */ = {isa = PBXBuildFile; fileRef = C27E06502B9D8273003EC2D5 /* BaseTableViewCell.swift */; };
		C29545D92B998395001A391B /* AppDelegate.swift in Sources */ = {isa = PBXBuildFile; fileRef = C29545D82B998395001A391B /* AppDelegate.swift */; };
		C29545DB2B998395001A391B /* SceneDelegate.swift in Sources */ = {isa = PBXBuildFile; fileRef = C29545DA2B998395001A391B /* SceneDelegate.swift */; };
		C29545E22B998398001A391B /* Assets.xcassets in Resources */ = {isa = PBXBuildFile; fileRef = C29545E12B998398001A391B /* Assets.xcassets */; };
		C29545E52B998398001A391B /* LaunchScreen.storyboard in Resources */ = {isa = PBXBuildFile; fileRef = C29545E32B998398001A391B /* LaunchScreen.storyboard */; };
		C29545ED2B998606001A391B /* .gitignore in Resources */ = {isa = PBXBuildFile; fileRef = C29545EC2B998606001A391B /* .gitignore */; };
		C29545EF2B999A2D001A391B /* CalendarViewController.swift in Sources */ = {isa = PBXBuildFile; fileRef = C29545EE2B999A2D001A391B /* CalendarViewController.swift */; };
		C29545F32B999A5D001A391B /* BaseViewController.swift in Sources */ = {isa = PBXBuildFile; fileRef = C29545F22B999A5D001A391B /* BaseViewController.swift */; };
		C29545F62B999AEB001A391B /* Then in Frameworks */ = {isa = PBXBuildFile; productRef = C29545F52B999AEB001A391B /* Then */; };
		C29545F92B999B1F001A391B /* SnapKit in Frameworks */ = {isa = PBXBuildFile; productRef = C29545F82B999B1F001A391B /* SnapKit */; };
		C29545FB2B999B1F001A391B /* SnapKit-Dynamic in Frameworks */ = {isa = PBXBuildFile; productRef = C29545FA2B999B1F001A391B /* SnapKit-Dynamic */; };
		C29545FE2B999C0F001A391B /* FSCalendar in Frameworks */ = {isa = PBXBuildFile; productRef = C29545FD2B999C0F001A391B /* FSCalendar */; };
		C29546012B99AE76001A391B /* UIViewController+Extension.swift in Sources */ = {isa = PBXBuildFile; fileRef = C29546002B99AE76001A391B /* UIViewController+Extension.swift */; };
		C29546062B99B86D001A391B /* DateFormatManager.swift in Sources */ = {isa = PBXBuildFile; fileRef = C29546052B99B86D001A391B /* DateFormatManager.swift */; };
		C29546092B99BBF9001A391B /* Colors.swift in Sources */ = {isa = PBXBuildFile; fileRef = C29546082B99BBF9001A391B /* Colors.swift */; };
/* End PBXBuildFile section */

/* Begin PBXFileReference section */
		C27A578B2B9C542100CF956A /* BookCollectionViewCell.swift */ = {isa = PBXFileReference; lastKnownFileType = sourcecode.swift; path = BookCollectionViewCell.swift; sourceTree = "<group>"; };
		C27A578D2B9C542A00CF956A /* BaseCollectionViewCell.swift */ = {isa = PBXFileReference; lastKnownFileType = sourcecode.swift; path = BaseCollectionViewCell.swift; sourceTree = "<group>"; };
		C27A578F2B9C557700CF956A /* Protocol.swift */ = {isa = PBXFileReference; lastKnownFileType = sourcecode.swift; path = Protocol.swift; sourceTree = "<group>"; };
		C27A57922B9C73DC00CF956A /* APIManager.swift */ = {isa = PBXFileReference; lastKnownFileType = sourcecode.swift; path = APIManager.swift; sourceTree = "<group>"; };
		C27E063A2B9C75FD003EC2D5 /* APIKey.swift */ = {isa = PBXFileReference; lastKnownFileType = sourcecode.swift; path = APIKey.swift; sourceTree = "<group>"; };
		C27E063C2B9C81D1003EC2D5 /* CalendarViewModel.swift */ = {isa = PBXFileReference; lastKnownFileType = sourcecode.swift; path = CalendarViewModel.swift; sourceTree = "<group>"; };
		C27E063F2B9C8223003EC2D5 /* Observable.swift */ = {isa = PBXFileReference; lastKnownFileType = sourcecode.swift; path = Observable.swift; sourceTree = "<group>"; };
		C27E06422B9C861A003EC2D5 /* Book.swift */ = {isa = PBXFileReference; lastKnownFileType = sourcecode.swift; path = Book.swift; sourceTree = "<group>"; };
		C27E06502B9D8273003EC2D5 /* BaseTableViewCell.swift */ = {isa = PBXFileReference; lastKnownFileType = sourcecode.swift; path = BaseTableViewCell.swift; sourceTree = "<group>"; };
		C29545D52B998395001A391B /* BirthdayBook.app */ = {isa = PBXFileReference; explicitFileType = wrapper.application; includeInIndex = 0; path = BirthdayBook.app; sourceTree = BUILT_PRODUCTS_DIR; };
		C29545D82B998395001A391B /* AppDelegate.swift */ = {isa = PBXFileReference; lastKnownFileType = sourcecode.swift; path = AppDelegate.swift; sourceTree = "<group>"; };
		C29545DA2B998395001A391B /* SceneDelegate.swift */ = {isa = PBXFileReference; lastKnownFileType = sourcecode.swift; path = SceneDelegate.swift; sourceTree = "<group>"; };
		C29545E12B998398001A391B /* Assets.xcassets */ = {isa = PBXFileReference; lastKnownFileType = folder.assetcatalog; path = Assets.xcassets; sourceTree = "<group>"; };
		C29545E42B998398001A391B /* Base */ = {isa = PBXFileReference; lastKnownFileType = file.storyboard; name = Base; path = Base.lproj/LaunchScreen.storyboard; sourceTree = "<group>"; };
		C29545E62B998398001A391B /* Info.plist */ = {isa = PBXFileReference; lastKnownFileType = text.plist.xml; path = Info.plist; sourceTree = "<group>"; };
		C29545EC2B998606001A391B /* .gitignore */ = {isa = PBXFileReference; lastKnownFileType = text; path = .gitignore; sourceTree = "<group>"; };
		C29545EE2B999A2D001A391B /* CalendarViewController.swift */ = {isa = PBXFileReference; lastKnownFileType = sourcecode.swift; path = CalendarViewController.swift; sourceTree = "<group>"; };
		C29545F22B999A5D001A391B /* BaseViewController.swift */ = {isa = PBXFileReference; lastKnownFileType = sourcecode.swift; path = BaseViewController.swift; sourceTree = "<group>"; };
		C29546002B99AE76001A391B /* UIViewController+Extension.swift */ = {isa = PBXFileReference; lastKnownFileType = sourcecode.swift; path = "UIViewController+Extension.swift"; sourceTree = "<group>"; };
		C29546052B99B86D001A391B /* DateFormatManager.swift */ = {isa = PBXFileReference; lastKnownFileType = sourcecode.swift; path = DateFormatManager.swift; sourceTree = "<group>"; };
		C29546082B99BBF9001A391B /* Colors.swift */ = {isa = PBXFileReference; lastKnownFileType = sourcecode.swift; path = Colors.swift; sourceTree = "<group>"; };
/* End PBXFileReference section */

/* Begin PBXFrameworksBuildPhase section */
		C29545D22B998395001A391B /* Frameworks */ = {
			isa = PBXFrameworksBuildPhase;
			buildActionMask = 2147483647;
			files = (
				C27E06462B9C8BBD003EC2D5 /* Alamofire in Frameworks */,
				C27E06482B9C8BBD003EC2D5 /* AlamofireDynamic in Frameworks */,
				C27E064B2B9D55C3003EC2D5 /* Kingfisher in Frameworks */,
				C29545F62B999AEB001A391B /* Then in Frameworks */,
				C29545FE2B999C0F001A391B /* FSCalendar in Frameworks */,
				C29545F92B999B1F001A391B /* SnapKit in Frameworks */,
				C29545FB2B999B1F001A391B /* SnapKit-Dynamic in Frameworks */,
			);
			runOnlyForDeploymentPostprocessing = 0;
		};
/* End PBXFrameworksBuildPhase section */

/* Begin PBXGroup section */
		C27E063E2B9C8215003EC2D5 /* Observable */ = {
			isa = PBXGroup;
			children = (
				C27E063F2B9C8223003EC2D5 /* Observable.swift */,
			);
			path = Observable;
			sourceTree = "<group>";
		};
		C27E06412B9C860D003EC2D5 /* Network */ = {
			isa = PBXGroup;
			children = (
				C27E06422B9C861A003EC2D5 /* Book.swift */,
			);
			path = Network;
			sourceTree = "<group>";
		};
		C29545CC2B998395001A391B = {
			isa = PBXGroup;
			children = (
				C27E063A2B9C75FD003EC2D5 /* APIKey.swift */,
				C29545EC2B998606001A391B /* .gitignore */,
				C29545D72B998395001A391B /* BirthdayBook */,
				C29545D62B998395001A391B /* Products */,
			);
			sourceTree = "<group>";
		};
		C29545D62B998395001A391B /* Products */ = {
			isa = PBXGroup;
			children = (
				C29545D52B998395001A391B /* BirthdayBook.app */,
			);
			name = Products;
			sourceTree = "<group>";
		};
		C29545D72B998395001A391B /* BirthdayBook */ = {
			isa = PBXGroup;
			children = (
				C27E06412B9C860D003EC2D5 /* Network */,
				C27E063E2B9C8215003EC2D5 /* Observable */,
				C29546072B99BBF3001A391B /* DesignSystem */,
				C29546042B99B7FE001A391B /* Manager */,
				C29545FF2B99AE66001A391B /* Extension */,
				C29545F12B999A56001A391B /* Base */,
				C29545F02B999A4B001A391B /* Calendar */,
				C29545D82B998395001A391B /* AppDelegate.swift */,
				C29545DA2B998395001A391B /* SceneDelegate.swift */,
				C29545E12B998398001A391B /* Assets.xcassets */,
				C29545E32B998398001A391B /* LaunchScreen.storyboard */,
				C29545E62B998398001A391B /* Info.plist */,
				C27A578F2B9C557700CF956A /* Protocol.swift */,
			);
			path = BirthdayBook;
			sourceTree = "<group>";
		};
		C29545F02B999A4B001A391B /* Calendar */ = {
			isa = PBXGroup;
			children = (
				C29545EE2B999A2D001A391B /* CalendarViewController.swift */,
				C27A578B2B9C542100CF956A /* BookCollectionViewCell.swift */,
				C27E063C2B9C81D1003EC2D5 /* CalendarViewModel.swift */,
			);
			path = Calendar;
			sourceTree = "<group>";
		};
		C29545F12B999A56001A391B /* Base */ = {
			isa = PBXGroup;
			children = (
				C29545F22B999A5D001A391B /* BaseViewController.swift */,
				C27A578D2B9C542A00CF956A /* BaseCollectionViewCell.swift */,
				C27E06502B9D8273003EC2D5 /* BaseTableViewCell.swift */,
			);
			path = Base;
			sourceTree = "<group>";
		};
		C29545FF2B99AE66001A391B /* Extension */ = {
			isa = PBXGroup;
			children = (
				C29546002B99AE76001A391B /* UIViewController+Extension.swift */,
			);
			path = Extension;
			sourceTree = "<group>";
		};
		C29546042B99B7FE001A391B /* Manager */ = {
			isa = PBXGroup;
			children = (
				C29546052B99B86D001A391B /* DateFormatManager.swift */,
				C27A57922B9C73DC00CF956A /* APIManager.swift */,
			);
			path = Manager;
			sourceTree = "<group>";
		};
		C29546072B99BBF3001A391B /* DesignSystem */ = {
			isa = PBXGroup;
			children = (
				C29546082B99BBF9001A391B /* Colors.swift */,
			);
			path = DesignSystem;
			sourceTree = "<group>";
		};
/* End PBXGroup section */

/* Begin PBXNativeTarget section */
		C29545D42B998395001A391B /* BirthdayBook */ = {
			isa = PBXNativeTarget;
			buildConfigurationList = C29545E92B998398001A391B /* Build configuration list for PBXNativeTarget "BirthdayBook" */;
			buildPhases = (
				C29545D12B998395001A391B /* Sources */,
				C29545D22B998395001A391B /* Frameworks */,
				C29545D32B998395001A391B /* Resources */,
			);
			buildRules = (
			);
			dependencies = (
			);
			name = BirthdayBook;
			packageProductDependencies = (
				C29545F52B999AEB001A391B /* Then */,
				C29545F82B999B1F001A391B /* SnapKit */,
				C29545FA2B999B1F001A391B /* SnapKit-Dynamic */,
				C29545FD2B999C0F001A391B /* FSCalendar */,
				C27E06452B9C8BBD003EC2D5 /* Alamofire */,
				C27E06472B9C8BBD003EC2D5 /* AlamofireDynamic */,
				C27E064A2B9D55C3003EC2D5 /* Kingfisher */,
			);
			productName = BirthdayBook;
			productReference = C29545D52B998395001A391B /* BirthdayBook.app */;
			productType = "com.apple.product-type.application";
		};
/* End PBXNativeTarget section */

/* Begin PBXProject section */
		C29545CD2B998395001A391B /* Project object */ = {
			isa = PBXProject;
			attributes = {
				BuildIndependentTargetsInParallel = 1;
				LastSwiftUpdateCheck = 1510;
				LastUpgradeCheck = 1510;
				TargetAttributes = {
					C29545D42B998395001A391B = {
						CreatedOnToolsVersion = 15.1;
					};
				};
			};
			buildConfigurationList = C29545D02B998395001A391B /* Build configuration list for PBXProject "BirthdayBook" */;
			compatibilityVersion = "Xcode 14.0";
			developmentRegion = en;
			hasScannedForEncodings = 0;
			knownRegions = (
				en,
				Base,
			);
			mainGroup = C29545CC2B998395001A391B;
			packageReferences = (
				C29545F42B999AEB001A391B /* XCRemoteSwiftPackageReference "Then" */,
				C29545F72B999B1F001A391B /* XCRemoteSwiftPackageReference "SnapKit" */,
				C29545FC2B999C0F001A391B /* XCRemoteSwiftPackageReference "FSCalendar" */,
				C27E06442B9C8BBD003EC2D5 /* XCRemoteSwiftPackageReference "Alamofire" */,
				C27E06492B9D55C3003EC2D5 /* XCRemoteSwiftPackageReference "Kingfisher" */,
			);
			productRefGroup = C29545D62B998395001A391B /* Products */;
			projectDirPath = "";
			projectRoot = "";
			targets = (
				C29545D42B998395001A391B /* BirthdayBook */,
			);
		};
/* End PBXProject section */

/* Begin PBXResourcesBuildPhase section */
		C29545D32B998395001A391B /* Resources */ = {
			isa = PBXResourcesBuildPhase;
			buildActionMask = 2147483647;
			files = (
				C29545ED2B998606001A391B /* .gitignore in Resources */,
				C29545E52B998398001A391B /* LaunchScreen.storyboard in Resources */,
				C29545E22B998398001A391B /* Assets.xcassets in Resources */,
			);
			runOnlyForDeploymentPostprocessing = 0;
		};
/* End PBXResourcesBuildPhase section */

/* Begin PBXSourcesBuildPhase section */
		C29545D12B998395001A391B /* Sources */ = {
			isa = PBXSourcesBuildPhase;
			buildActionMask = 2147483647;
			files = (
				C29545EF2B999A2D001A391B /* CalendarViewController.swift in Sources */,
				C27A578C2B9C542100CF956A /* BookCollectionViewCell.swift in Sources */,
				C27A578E2B9C542A00CF956A /* BaseCollectionViewCell.swift in Sources */,
				C27E063D2B9C81D1003EC2D5 /* CalendarViewModel.swift in Sources */,
				C27E06512B9D8273003EC2D5 /* BaseTableViewCell.swift in Sources */,
				C29545F32B999A5D001A391B /* BaseViewController.swift in Sources */,
				C27A57932B9C73DC00CF956A /* APIManager.swift in Sources */,
				C29545D92B998395001A391B /* AppDelegate.swift in Sources */,
				C29546092B99BBF9001A391B /* Colors.swift in Sources */,
				C27E06432B9C861A003EC2D5 /* Book.swift in Sources */,
				C29546012B99AE76001A391B /* UIViewController+Extension.swift in Sources */,
				C29545DB2B998395001A391B /* SceneDelegate.swift in Sources */,
				C27E06402B9C8223003EC2D5 /* Observable.swift in Sources */,
				C29546062B99B86D001A391B /* DateFormatManager.swift in Sources */,
				C27E063B2B9C75FD003EC2D5 /* APIKey.swift in Sources */,
				C27A57902B9C557700CF956A /* Protocol.swift in Sources */,
			);
			runOnlyForDeploymentPostprocessing = 0;
		};
/* End PBXSourcesBuildPhase section */

/* Begin PBXVariantGroup section */
		C29545E32B998398001A391B /* LaunchScreen.storyboard */ = {
			isa = PBXVariantGroup;
			children = (
				C29545E42B998398001A391B /* Base */,
			);
			name = LaunchScreen.storyboard;
			sourceTree = "<group>";
		};
/* End PBXVariantGroup section */

/* Begin XCBuildConfiguration section */
		C29545E72B998398001A391B /* Debug */ = {
			isa = XCBuildConfiguration;
			buildSettings = {
				ALWAYS_SEARCH_USER_PATHS = NO;
				ASSETCATALOG_COMPILER_GENERATE_SWIFT_ASSET_SYMBOL_EXTENSIONS = YES;
				CLANG_ANALYZER_NONNULL = YES;
				CLANG_ANALYZER_NUMBER_OBJECT_CONVERSION = YES_AGGRESSIVE;
				CLANG_CXX_LANGUAGE_STANDARD = "gnu++20";
				CLANG_ENABLE_MODULES = YES;
				CLANG_ENABLE_OBJC_ARC = YES;
				CLANG_ENABLE_OBJC_WEAK = YES;
				CLANG_WARN_BLOCK_CAPTURE_AUTORELEASING = YES;
				CLANG_WARN_BOOL_CONVERSION = YES;
				CLANG_WARN_COMMA = YES;
				CLANG_WARN_CONSTANT_CONVERSION = YES;
				CLANG_WARN_DEPRECATED_OBJC_IMPLEMENTATIONS = YES;
				CLANG_WARN_DIRECT_OBJC_ISA_USAGE = YES_ERROR;
				CLANG_WARN_DOCUMENTATION_COMMENTS = YES;
				CLANG_WARN_EMPTY_BODY = YES;
				CLANG_WARN_ENUM_CONVERSION = YES;
				CLANG_WARN_INFINITE_RECURSION = YES;
				CLANG_WARN_INT_CONVERSION = YES;
				CLANG_WARN_NON_LITERAL_NULL_CONVERSION = YES;
				CLANG_WARN_OBJC_IMPLICIT_RETAIN_SELF = YES;
				CLANG_WARN_OBJC_LITERAL_CONVERSION = YES;
				CLANG_WARN_OBJC_ROOT_CLASS = YES_ERROR;
				CLANG_WARN_QUOTED_INCLUDE_IN_FRAMEWORK_HEADER = YES;
				CLANG_WARN_RANGE_LOOP_ANALYSIS = YES;
				CLANG_WARN_STRICT_PROTOTYPES = YES;
				CLANG_WARN_SUSPICIOUS_MOVE = YES;
				CLANG_WARN_UNGUARDED_AVAILABILITY = YES_AGGRESSIVE;
				CLANG_WARN_UNREACHABLE_CODE = YES;
				CLANG_WARN__DUPLICATE_METHOD_MATCH = YES;
				COPY_PHASE_STRIP = NO;
				DEBUG_INFORMATION_FORMAT = dwarf;
				ENABLE_STRICT_OBJC_MSGSEND = YES;
				ENABLE_TESTABILITY = YES;
				ENABLE_USER_SCRIPT_SANDBOXING = YES;
				GCC_C_LANGUAGE_STANDARD = gnu17;
				GCC_DYNAMIC_NO_PIC = NO;
				GCC_NO_COMMON_BLOCKS = YES;
				GCC_OPTIMIZATION_LEVEL = 0;
				GCC_PREPROCESSOR_DEFINITIONS = (
					"DEBUG=1",
					"$(inherited)",
				);
				GCC_WARN_64_TO_32_BIT_CONVERSION = YES;
				GCC_WARN_ABOUT_RETURN_TYPE = YES_ERROR;
				GCC_WARN_UNDECLARED_SELECTOR = YES;
				GCC_WARN_UNINITIALIZED_AUTOS = YES_AGGRESSIVE;
				GCC_WARN_UNUSED_FUNCTION = YES;
				GCC_WARN_UNUSED_VARIABLE = YES;
				IPHONEOS_DEPLOYMENT_TARGET = 17.2;
				LOCALIZATION_PREFERS_STRING_CATALOGS = YES;
				MTL_ENABLE_DEBUG_INFO = INCLUDE_SOURCE;
				MTL_FAST_MATH = YES;
				ONLY_ACTIVE_ARCH = YES;
				SDKROOT = iphoneos;
				SWIFT_ACTIVE_COMPILATION_CONDITIONS = "DEBUG $(inherited)";
				SWIFT_OPTIMIZATION_LEVEL = "-Onone";
			};
			name = Debug;
		};
		C29545E82B998398001A391B /* Release */ = {
			isa = XCBuildConfiguration;
			buildSettings = {
				ALWAYS_SEARCH_USER_PATHS = NO;
				ASSETCATALOG_COMPILER_GENERATE_SWIFT_ASSET_SYMBOL_EXTENSIONS = YES;
				CLANG_ANALYZER_NONNULL = YES;
				CLANG_ANALYZER_NUMBER_OBJECT_CONVERSION = YES_AGGRESSIVE;
				CLANG_CXX_LANGUAGE_STANDARD = "gnu++20";
				CLANG_ENABLE_MODULES = YES;
				CLANG_ENABLE_OBJC_ARC = YES;
				CLANG_ENABLE_OBJC_WEAK = YES;
				CLANG_WARN_BLOCK_CAPTURE_AUTORELEASING = YES;
				CLANG_WARN_BOOL_CONVERSION = YES;
				CLANG_WARN_COMMA = YES;
				CLANG_WARN_CONSTANT_CONVERSION = YES;
				CLANG_WARN_DEPRECATED_OBJC_IMPLEMENTATIONS = YES;
				CLANG_WARN_DIRECT_OBJC_ISA_USAGE = YES_ERROR;
				CLANG_WARN_DOCUMENTATION_COMMENTS = YES;
				CLANG_WARN_EMPTY_BODY = YES;
				CLANG_WARN_ENUM_CONVERSION = YES;
				CLANG_WARN_INFINITE_RECURSION = YES;
				CLANG_WARN_INT_CONVERSION = YES;
				CLANG_WARN_NON_LITERAL_NULL_CONVERSION = YES;
				CLANG_WARN_OBJC_IMPLICIT_RETAIN_SELF = YES;
				CLANG_WARN_OBJC_LITERAL_CONVERSION = YES;
				CLANG_WARN_OBJC_ROOT_CLASS = YES_ERROR;
				CLANG_WARN_QUOTED_INCLUDE_IN_FRAMEWORK_HEADER = YES;
				CLANG_WARN_RANGE_LOOP_ANALYSIS = YES;
				CLANG_WARN_STRICT_PROTOTYPES = YES;
				CLANG_WARN_SUSPICIOUS_MOVE = YES;
				CLANG_WARN_UNGUARDED_AVAILABILITY = YES_AGGRESSIVE;
				CLANG_WARN_UNREACHABLE_CODE = YES;
				CLANG_WARN__DUPLICATE_METHOD_MATCH = YES;
				COPY_PHASE_STRIP = NO;
				DEBUG_INFORMATION_FORMAT = "dwarf-with-dsym";
				ENABLE_NS_ASSERTIONS = NO;
				ENABLE_STRICT_OBJC_MSGSEND = YES;
				ENABLE_USER_SCRIPT_SANDBOXING = YES;
				GCC_C_LANGUAGE_STANDARD = gnu17;
				GCC_NO_COMMON_BLOCKS = YES;
				GCC_WARN_64_TO_32_BIT_CONVERSION = YES;
				GCC_WARN_ABOUT_RETURN_TYPE = YES_ERROR;
				GCC_WARN_UNDECLARED_SELECTOR = YES;
				GCC_WARN_UNINITIALIZED_AUTOS = YES_AGGRESSIVE;
				GCC_WARN_UNUSED_FUNCTION = YES;
				GCC_WARN_UNUSED_VARIABLE = YES;
				IPHONEOS_DEPLOYMENT_TARGET = 17.2;
				LOCALIZATION_PREFERS_STRING_CATALOGS = YES;
				MTL_ENABLE_DEBUG_INFO = NO;
				MTL_FAST_MATH = YES;
				SDKROOT = iphoneos;
				SWIFT_COMPILATION_MODE = wholemodule;
				VALIDATE_PRODUCT = YES;
			};
			name = Release;
		};
		C29545EA2B998398001A391B /* Debug */ = {
			isa = XCBuildConfiguration;
			buildSettings = {
				ASSETCATALOG_COMPILER_APPICON_NAME = AppIcon;
				ASSETCATALOG_COMPILER_GLOBAL_ACCENT_COLOR_NAME = AccentColor;
				CODE_SIGN_STYLE = Automatic;
				CURRENT_PROJECT_VERSION = 1;
				DEVELOPMENT_TEAM = 8HG96SSK4A;
				GENERATE_INFOPLIST_FILE = YES;
				INFOPLIST_FILE = BirthdayBook/Info.plist;
				INFOPLIST_KEY_UIApplicationSupportsIndirectInputEvents = YES;
				INFOPLIST_KEY_UILaunchStoryboardName = LaunchScreen;
				INFOPLIST_KEY_UISupportedInterfaceOrientations_iPad = "UIInterfaceOrientationPortrait UIInterfaceOrientationPortraitUpsideDown UIInterfaceOrientationLandscapeLeft UIInterfaceOrientationLandscapeRight";
				INFOPLIST_KEY_UISupportedInterfaceOrientations_iPhone = "UIInterfaceOrientationPortrait UIInterfaceOrientationLandscapeLeft UIInterfaceOrientationLandscapeRight";
				LD_RUNPATH_SEARCH_PATHS = (
					"$(inherited)",
					"@executable_path/Frameworks",
				);
				MARKETING_VERSION = 1.0;
				PRODUCT_BUNDLE_IDENTIFIER = com.cyndi.BirthdayBook;
				PRODUCT_NAME = "$(TARGET_NAME)";
				SWIFT_EMIT_LOC_STRINGS = YES;
				SWIFT_VERSION = 5.0;
				TARGETED_DEVICE_FAMILY = "1,2";
			};
			name = Debug;
		};
		C29545EB2B998398001A391B /* Release */ = {
			isa = XCBuildConfiguration;
			buildSettings = {
				ASSETCATALOG_COMPILER_APPICON_NAME = AppIcon;
				ASSETCATALOG_COMPILER_GLOBAL_ACCENT_COLOR_NAME = AccentColor;
				CODE_SIGN_STYLE = Automatic;
				CURRENT_PROJECT_VERSION = 1;
				DEVELOPMENT_TEAM = 8HG96SSK4A;
				GENERATE_INFOPLIST_FILE = YES;
				INFOPLIST_FILE = BirthdayBook/Info.plist;
				INFOPLIST_KEY_UIApplicationSupportsIndirectInputEvents = YES;
				INFOPLIST_KEY_UILaunchStoryboardName = LaunchScreen;
				INFOPLIST_KEY_UISupportedInterfaceOrientations_iPad = "UIInterfaceOrientationPortrait UIInterfaceOrientationPortraitUpsideDown UIInterfaceOrientationLandscapeLeft UIInterfaceOrientationLandscapeRight";
				INFOPLIST_KEY_UISupportedInterfaceOrientations_iPhone = "UIInterfaceOrientationPortrait UIInterfaceOrientationLandscapeLeft UIInterfaceOrientationLandscapeRight";
				LD_RUNPATH_SEARCH_PATHS = (
					"$(inherited)",
					"@executable_path/Frameworks",
				);
				MARKETING_VERSION = 1.0;
				PRODUCT_BUNDLE_IDENTIFIER = com.cyndi.BirthdayBook;
				PRODUCT_NAME = "$(TARGET_NAME)";
				SWIFT_EMIT_LOC_STRINGS = YES;
				SWIFT_VERSION = 5.0;
				TARGETED_DEVICE_FAMILY = "1,2";
			};
			name = Release;
		};
/* End XCBuildConfiguration section */

/* Begin XCConfigurationList section */
		C29545D02B998395001A391B /* Build configuration list for PBXProject "BirthdayBook" */ = {
			isa = XCConfigurationList;
			buildConfigurations = (
				C29545E72B998398001A391B /* Debug */,
				C29545E82B998398001A391B /* Release */,
			);
			defaultConfigurationIsVisible = 0;
			defaultConfigurationName = Release;
		};
		C29545E92B998398001A391B /* Build configuration list for PBXNativeTarget "BirthdayBook" */ = {
			isa = XCConfigurationList;
			buildConfigurations = (
				C29545EA2B998398001A391B /* Debug */,
				C29545EB2B998398001A391B /* Release */,
			);
			defaultConfigurationIsVisible = 0;
			defaultConfigurationName = Release;
		};
/* End XCConfigurationList section */

/* Begin XCRemoteSwiftPackageReference section */
		C27E06442B9C8BBD003EC2D5 /* XCRemoteSwiftPackageReference "Alamofire" */ = {
			isa = XCRemoteSwiftPackageReference;
			repositoryURL = "https://github.com/Alamofire/Alamofire";
			requirement = {
				kind = upToNextMajorVersion;
				minimumVersion = 5.9.0;
			};
		};
		C27E06492B9D55C3003EC2D5 /* XCRemoteSwiftPackageReference "Kingfisher" */ = {
			isa = XCRemoteSwiftPackageReference;
			repositoryURL = "https://github.com/onevcat/Kingfisher";
			requirement = {
				kind = upToNextMajorVersion;
				minimumVersion = 7.11.0;
			};
		};
		C29545F42B999AEB001A391B /* XCRemoteSwiftPackageReference "Then" */ = {
			isa = XCRemoteSwiftPackageReference;
			repositoryURL = "https://github.com/devxoul/Then.git";
			requirement = {
				kind = upToNextMajorVersion;
				minimumVersion = 3.0.0;
			};
		};
		C29545F72B999B1F001A391B /* XCRemoteSwiftPackageReference "SnapKit" */ = {
			isa = XCRemoteSwiftPackageReference;
			repositoryURL = "https://github.com/SnapKit/SnapKit.git";
			requirement = {
				kind = upToNextMajorVersion;
				minimumVersion = 5.7.1;
			};
		};
		C29545FC2B999C0F001A391B /* XCRemoteSwiftPackageReference "FSCalendar" */ = {
			isa = XCRemoteSwiftPackageReference;
			repositoryURL = "https://github.com/WenchaoD/FSCalendar";
			requirement = {
				kind = upToNextMajorVersion;
				minimumVersion = 2.8.4;
			};
		};
/* End XCRemoteSwiftPackageReference section */

/* Begin XCSwiftPackageProductDependency section */
		C27E06452B9C8BBD003EC2D5 /* Alamofire */ = {
			isa = XCSwiftPackageProductDependency;
			package = C27E06442B9C8BBD003EC2D5 /* XCRemoteSwiftPackageReference "Alamofire" */;
			productName = Alamofire;
		};
		C27E06472B9C8BBD003EC2D5 /* AlamofireDynamic */ = {
			isa = XCSwiftPackageProductDependency;
			package = C27E06442B9C8BBD003EC2D5 /* XCRemoteSwiftPackageReference "Alamofire" */;
			productName = AlamofireDynamic;
		};
		C27E064A2B9D55C3003EC2D5 /* Kingfisher */ = {
			isa = XCSwiftPackageProductDependency;
			package = C27E06492B9D55C3003EC2D5 /* XCRemoteSwiftPackageReference "Kingfisher" */;
			productName = Kingfisher;
		};
		C29545F52B999AEB001A391B /* Then */ = {
			isa = XCSwiftPackageProductDependency;
			package = C29545F42B999AEB001A391B /* XCRemoteSwiftPackageReference "Then" */;
			productName = Then;
		};
		C29545F82B999B1F001A391B /* SnapKit */ = {
			isa = XCSwiftPackageProductDependency;
			package = C29545F72B999B1F001A391B /* XCRemoteSwiftPackageReference "SnapKit" */;
			productName = SnapKit;
		};
		C29545FA2B999B1F001A391B /* SnapKit-Dynamic */ = {
			isa = XCSwiftPackageProductDependency;
			package = C29545F72B999B1F001A391B /* XCRemoteSwiftPackageReference "SnapKit" */;
			productName = "SnapKit-Dynamic";
		};
		C29545FD2B999C0F001A391B /* FSCalendar */ = {
			isa = XCSwiftPackageProductDependency;
			package = C29545FC2B999C0F001A391B /* XCRemoteSwiftPackageReference "FSCalendar" */;
			productName = FSCalendar;
		};
/* End XCSwiftPackageProductDependency section */
	};
	rootObject = C29545CD2B998395001A391B /* Project object */;
}
